
Microsoft Visual Studio Solution File, Format Version 12.00
# Visual Studio Version 16
VisualStudioVersion = 25.0.1705.6
MinimumVisualStudioVersion = 10.0.40219.1
Project("{FAE04EC0-301F-11D3-BF4B-00C04F79EFBC}") = "Iisaefi", "Iisaefi\Iisaefi.csproj", "{AA72F08F-54AF-4EB1-9EBC-EC3E4F92735D}"
EndProject
Global
	GlobalSection(SolutionConfigurationPlatforms) = preSolution
		Debug|Any CPU = Debug|Any CPU
		Release|Any CPU = Release|Any CPU
	EndGlobalSection
	GlobalSection(ProjectConfigurationPlatforms) = postSolution
		{AA72F08F-54AF-4EB1-9EBC-EC3E4F92735D}.Debug|Any CPU.ActiveCfg = Debug|Any CPU
		{AA72F08F-54AF-4EB1-9EBC-EC3E4F92735D}.Debug|Any CPU.Build.0 = Debug|Any CPU
		{AA72F08F-54AF-4EB1-9EBC-EC3E4F92735D}.Release|Any CPU.ActiveCfg = Release|Any CPU
		{AA72F08F-54AF-4EB1-9EBC-EC3E4F92735D}.Release|Any CPU.Build.0 = Release|Any CPU
	EndGlobalSection
	GlobalSection(SolutionProperties) = preSolution
		HideSolutionNode = FALSE
	EndGlobalSection
	GlobalSection(ExtensibilityGlobals) = postSolution
		SolutionGuid = {AB8EC9D9-F40C-439F-8EEF-B21B863832DB}
	EndGlobalSection
EndGlobal
